
Microsoft Visual Studio Solution File, Format Version 12.00
# Visual Studio Version 16
VisualStudioVersion = 16.0.31729.503
MinimumVisualStudioVersion = 10.0.40219.1
Project("{9A19103F-16F7-4668-BE54-9A1E7A4F7556}") = "WikipediaChallenge.ConsoleApp", "WikipediaChallenge\WikipediaChallenge.ConsoleApp.csproj", "{CE4E8C95-7FFD-4423-AE1F-89851BDA40F0}"
EndProject
Project("{9A19103F-16F7-4668-BE54-9A1E7A4F7556}") = "WikipediaChallenge.Domain", "WikipediaChallenge.Domain\WikipediaChallenge.Domain.csproj", "{D82BCDC5-DFE1-403B-8011-4188DCBAAAE2}"
EndProject
Project("{9A19103F-16F7-4668-BE54-9A1E7A4F7556}") = "WikipediaChallenge.Infrastructure", "WikipediaChallenge.Infrastructure\WikipediaChallenge.Infrastructure.csproj", "{E5031F1A-6B5A-4EF8-BABB-7521DFCC2E83}"
EndProject
Project("{9A19103F-16F7-4668-BE54-9A1E7A4F7556}") = "WikipediaChallenge.Application", "WikipediaChallenge.Application\WikipediaChallenge.Application.csproj", "{FE57EBA7-90B5-42DE-804B-E7BECDE413BD}"
EndProject
Global
	GlobalSection(SolutionConfigurationPlatforms) = preSolution
		Debug|Any CPU = Debug|Any CPU
		Release|Any CPU = Release|Any CPU
	EndGlobalSection
	GlobalSection(ProjectConfigurationPlatforms) = postSolution
		{CE4E8C95-7FFD-4423-AE1F-89851BDA40F0}.Debug|Any CPU.ActiveCfg = Debug|Any CPU
		{CE4E8C95-7FFD-4423-AE1F-89851BDA40F0}.Debug|Any CPU.Build.0 = Debug|Any CPU
		{CE4E8C95-7FFD-4423-AE1F-89851BDA40F0}.Release|Any CPU.ActiveCfg = Release|Any CPU
		{CE4E8C95-7FFD-4423-AE1F-89851BDA40F0}.Release|Any CPU.Build.0 = Release|Any CPU
		{D82BCDC5-DFE1-403B-8011-4188DCBAAAE2}.Debug|Any CPU.ActiveCfg = Debug|Any CPU
		{D82BCDC5-DFE1-403B-8011-4188DCBAAAE2}.Debug|Any CPU.Build.0 = Debug|Any CPU
		{D82BCDC5-DFE1-403B-8011-4188DCBAAAE2}.Release|Any CPU.ActiveCfg = Release|Any CPU
		{D82BCDC5-DFE1-403B-8011-4188DCBAAAE2}.Release|Any CPU.Build.0 = Release|Any CPU
		{E5031F1A-6B5A-4EF8-BABB-7521DFCC2E83}.Debug|Any CPU.ActiveCfg = Debug|Any CPU
		{E5031F1A-6B5A-4EF8-BABB-7521DFCC2E83}.Debug|Any CPU.Build.0 = Debug|Any CPU
		{E5031F1A-6B5A-4EF8-BABB-7521DFCC2E83}.Release|Any CPU.ActiveCfg = Release|Any CPU
		{E5031F1A-6B5A-4EF8-BABB-7521DFCC2E83}.Release|Any CPU.Build.0 = Release|Any CPU
		{FE57EBA7-90B5-42DE-804B-E7BECDE413BD}.Debug|Any CPU.ActiveCfg = Debug|Any CPU
		{FE57EBA7-90B5-42DE-804B-E7BECDE413BD}.Debug|Any CPU.Build.0 = Debug|Any CPU
		{FE57EBA7-90B5-42DE-804B-E7BECDE413BD}.Release|Any CPU.ActiveCfg = Release|Any CPU
		{FE57EBA7-90B5-42DE-804B-E7BECDE413BD}.Release|Any CPU.Build.0 = Release|Any CPU
	EndGlobalSection
	GlobalSection(SolutionProperties) = preSolution
		HideSolutionNode = FALSE
	EndGlobalSection
	GlobalSection(ExtensibilityGlobals) = postSolution
		SolutionGuid = {BA46A77D-0047-4233-BA84-F11643F9CEF7}
	EndGlobalSection
EndGlobal
